
Microsoft Visual Studio Solution File, Format Version 12.00
# Visual Studio Version 17
VisualStudioVersion = 17.11.35327.3
MinimumVisualStudioVersion = 10.0.40219.1
Project("{FAE04EC0-301F-11D3-BF4B-00C04F79EFBC}") = "Tarea_03_Modulo3", "Tarea_03_Modulo3\Tarea_03_Modulo3.csproj", "{5B885D12-F477-46D9-8193-827531290F2A}"
EndProject
Global
	GlobalSection(SolutionConfigurationPlatforms) = preSolution
		Debug|Any CPU = Debug|Any CPU
		Release|Any CPU = Release|Any CPU
	EndGlobalSection
	GlobalSection(ProjectConfigurationPlatforms) = postSolution
		{5B885D12-F477-46D9-8193-827531290F2A}.Debug|Any CPU.ActiveCfg = Debug|Any CPU
		{5B885D12-F477-46D9-8193-827531290F2A}.Debug|Any CPU.Build.0 = Debug|Any CPU
		{5B885D12-F477-46D9-8193-827531290F2A}.Release|Any CPU.ActiveCfg = Release|Any CPU
		{5B885D12-F477-46D9-8193-827531290F2A}.Release|Any CPU.Build.0 = Release|Any CPU
	EndGlobalSection
	GlobalSection(SolutionProperties) = preSolution
		HideSolutionNode = FALSE
	EndGlobalSection
	GlobalSection(ExtensibilityGlobals) = postSolution
		SolutionGuid = {BCC4EB60-C6C9-4D5C-ADEA-73EBB2ACEA11}
	EndGlobalSection
EndGlobal
